// !$*UTF8*$!
{
	archiveVersion = 1;
	classes = {
	};
	objectVersion = 56;
	objects = {

/* Begin PBXBuildFile section */
		4C7EB12B2F2537DF40E70741 /* Pods_Lightning.framework in Frameworks */ = {isa = PBXBuildFile; fileRef = 853662311BF77139F831E118 /* Pods_Lightning.framework */; };
		95204E682B6B5D19006252EC /* AppDelegate.swift in Sources */ = {isa = PBXBuildFile; fileRef = 95204E672B6B5D19006252EC /* AppDelegate.swift */; };
		95204E6C2B6B5D19006252EC /* RootViewController.swift in Sources */ = {isa = PBXBuildFile; fileRef = 95204E6B2B6B5D19006252EC /* RootViewController.swift */; };
		95204E712B6B5D1B006252EC /* Assets.xcassets in Resources */ = {isa = PBXBuildFile; fileRef = 95204E702B6B5D1B006252EC /* Assets.xcassets */; };
		95204E742B6B5D1B006252EC /* LaunchScreen.storyboard in Resources */ = {isa = PBXBuildFile; fileRef = 95204E722B6B5D1B006252EC /* LaunchScreen.storyboard */; };
		95616C9C2B6B614E00E06187 /* LGNavController.swift in Sources */ = {isa = PBXBuildFile; fileRef = 95616C9B2B6B614E00E06187 /* LGNavController.swift */; };
		95616C9F2B6B646200E06187 /* NiblessView.swift in Sources */ = {isa = PBXBuildFile; fileRef = 95616C9E2B6B646200E06187 /* NiblessView.swift */; };
		95616CA12B6B649400E06187 /* NiblessViewController.swift in Sources */ = {isa = PBXBuildFile; fileRef = 95616CA02B6B649400E06187 /* NiblessViewController.swift */; };
		95616CA82B6B6A4D00E06187 /* LGTabbarVC.swift in Sources */ = {isa = PBXBuildFile; fileRef = 95616CA72B6B6A4D00E06187 /* LGTabbarVC.swift */; };
		95616CAB2B6B74F700E06187 /* UIColor+Extension.swift in Sources */ = {isa = PBXBuildFile; fileRef = 95616CAA2B6B74F700E06187 /* UIColor+Extension.swift */; };
		95616CAD2B6B7A4B00E06187 /* TabbarContentView.swift in Sources */ = {isa = PBXBuildFile; fileRef = 95616CAC2B6B7A4B00E06187 /* TabbarContentView.swift */; };
		95616CB12B6B7C7900E06187 /* Localizable.strings in Resources */ = {isa = PBXBuildFile; fileRef = 95616CB32B6B7C7900E06187 /* Localizable.strings */; };
		95616CB62B6B7D9000E06187 /* String+Extension.swift in Sources */ = {isa = PBXBuildFile; fileRef = 95616CB52B6B7D9000E06187 /* String+Extension.swift */; };
/* End PBXBuildFile section */

/* Begin PBXFileReference section */
		0588762C39ADEDC547C95EFC /* Pods-Lightning.debug.xcconfig */ = {isa = PBXFileReference; includeInIndex = 1; lastKnownFileType = text.xcconfig; name = "Pods-Lightning.debug.xcconfig"; path = "Target Support Files/Pods-Lightning/Pods-Lightning.debug.xcconfig"; sourceTree = "<group>"; };
		39155D71670A0D6FFD5F1A67 /* Pods-Lightning.release.xcconfig */ = {isa = PBXFileReference; includeInIndex = 1; lastKnownFileType = text.xcconfig; name = "Pods-Lightning.release.xcconfig"; path = "Target Support Files/Pods-Lightning/Pods-Lightning.release.xcconfig"; sourceTree = "<group>"; };
		853662311BF77139F831E118 /* Pods_Lightning.framework */ = {isa = PBXFileReference; explicitFileType = wrapper.framework; includeInIndex = 0; path = Pods_Lightning.framework; sourceTree = BUILT_PRODUCTS_DIR; };
		95204E642B6B5D19006252EC /* Lightning.app */ = {isa = PBXFileReference; explicitFileType = wrapper.application; includeInIndex = 0; path = Lightning.app; sourceTree = BUILT_PRODUCTS_DIR; };
		95204E672B6B5D19006252EC /* AppDelegate.swift */ = {isa = PBXFileReference; lastKnownFileType = sourcecode.swift; path = AppDelegate.swift; sourceTree = "<group>"; };
		95204E6B2B6B5D19006252EC /* RootViewController.swift */ = {isa = PBXFileReference; lastKnownFileType = sourcecode.swift; path = RootViewController.swift; sourceTree = "<group>"; };
		95204E702B6B5D1B006252EC /* Assets.xcassets */ = {isa = PBXFileReference; lastKnownFileType = folder.assetcatalog; path = Assets.xcassets; sourceTree = "<group>"; };
		95204E732B6B5D1B006252EC /* Base */ = {isa = PBXFileReference; lastKnownFileType = file.storyboard; name = Base; path = Base.lproj/LaunchScreen.storyboard; sourceTree = "<group>"; };
		95204E752B6B5D1B006252EC /* Info.plist */ = {isa = PBXFileReference; lastKnownFileType = text.plist.xml; path = Info.plist; sourceTree = "<group>"; };
		95616C9B2B6B614E00E06187 /* LGNavController.swift */ = {isa = PBXFileReference; lastKnownFileType = sourcecode.swift; path = LGNavController.swift; sourceTree = "<group>"; };
		95616C9E2B6B646200E06187 /* NiblessView.swift */ = {isa = PBXFileReference; lastKnownFileType = sourcecode.swift; path = NiblessView.swift; sourceTree = "<group>"; };
		95616CA02B6B649400E06187 /* NiblessViewController.swift */ = {isa = PBXFileReference; lastKnownFileType = sourcecode.swift; path = NiblessViewController.swift; sourceTree = "<group>"; };
		95616CA72B6B6A4D00E06187 /* LGTabbarVC.swift */ = {isa = PBXFileReference; lastKnownFileType = sourcecode.swift; path = LGTabbarVC.swift; sourceTree = "<group>"; };
		95616CAA2B6B74F700E06187 /* UIColor+Extension.swift */ = {isa = PBXFileReference; lastKnownFileType = sourcecode.swift; path = "UIColor+Extension.swift"; sourceTree = "<group>"; };
		95616CAC2B6B7A4B00E06187 /* TabbarContentView.swift */ = {isa = PBXFileReference; lastKnownFileType = sourcecode.swift; path = TabbarContentView.swift; sourceTree = "<group>"; };
		95616CAE2B6B7C5700E06187 /* zh-Hans */ = {isa = PBXFileReference; lastKnownFileType = text.plist.strings; name = "zh-Hans"; path = "zh-Hans.lproj/LaunchScreen.strings"; sourceTree = "<group>"; };
		95616CB22B6B7C7900E06187 /* en */ = {isa = PBXFileReference; lastKnownFileType = text.plist.strings; name = en; path = en.lproj/Localizable.strings; sourceTree = "<group>"; };
		95616CB42B6B7C7B00E06187 /* zh-Hans */ = {isa = PBXFileReference; lastKnownFileType = text.plist.strings; name = "zh-Hans"; path = "zh-Hans.lproj/Localizable.strings"; sourceTree = "<group>"; };
		95616CB52B6B7D9000E06187 /* String+Extension.swift */ = {isa = PBXFileReference; lastKnownFileType = sourcecode.swift; path = "String+Extension.swift"; sourceTree = "<group>"; };
/* End PBXFileReference section */

/* Begin PBXFrameworksBuildPhase section */
		95204E612B6B5D19006252EC /* Frameworks */ = {
			isa = PBXFrameworksBuildPhase;
			buildActionMask = 2147483647;
			files = (
				4C7EB12B2F2537DF40E70741 /* Pods_Lightning.framework in Frameworks */,
			);
			runOnlyForDeploymentPostprocessing = 0;
		};
/* End PBXFrameworksBuildPhase section */

/* Begin PBXGroup section */
		020DD06951173B25AE69FAE1 /* Frameworks */ = {
			isa = PBXGroup;
			children = (
				853662311BF77139F831E118 /* Pods_Lightning.framework */,
			);
			name = Frameworks;
			sourceTree = "<group>";
		};
		95204E5B2B6B5D19006252EC = {
			isa = PBXGroup;
			children = (
				95616CB32B6B7C7900E06187 /* Localizable.strings */,
				95204E662B6B5D19006252EC /* Lightning */,
				95204E652B6B5D19006252EC /* Products */,
				E49C8D840EDFD82A6EFFD070 /* Pods */,
				020DD06951173B25AE69FAE1 /* Frameworks */,
			);
			sourceTree = "<group>";
		};
		95204E652B6B5D19006252EC /* Products */ = {
			isa = PBXGroup;
			children = (
				95204E642B6B5D19006252EC /* Lightning.app */,
			);
			name = Products;
			sourceTree = "<group>";
		};
		95204E662B6B5D19006252EC /* Lightning */ = {
			isa = PBXGroup;
			children = (
				95616CA92B6B74E800E06187 /* Extension */,
				95204E752B6B5D1B006252EC /* Info.plist */,
				95616CA32B6B68B800E06187 /* Module */,
				95616C992B6B60F700E06187 /* Resources */,
				95616C982B6B60E200E06187 /* BIZLightningUI */,
				95204E672B6B5D19006252EC /* AppDelegate.swift */,
				95204E6B2B6B5D19006252EC /* RootViewController.swift */,
			);
			path = Lightning;
			sourceTree = "<group>";
		};
		95616C982B6B60E200E06187 /* BIZLightningUI */ = {
			isa = PBXGroup;
			children = (
				95616CA22B6B64A000E06187 /* UIViewController */,
				95616C9D2B6B644000E06187 /* UIView */,
				95616C9A2B6B611F00E06187 /* Navcontroller */,
			);
			path = BIZLightningUI;
			sourceTree = "<group>";
		};
		95616C992B6B60F700E06187 /* Resources */ = {
			isa = PBXGroup;
			children = (
				95204E722B6B5D1B006252EC /* LaunchScreen.storyboard */,
				95204E702B6B5D1B006252EC /* Assets.xcassets */,
			);
			path = Resources;
			sourceTree = "<group>";
		};
		95616C9A2B6B611F00E06187 /* Navcontroller */ = {
			isa = PBXGroup;
			children = (
				95616C9B2B6B614E00E06187 /* LGNavController.swift */,
			);
			path = Navcontroller;
			sourceTree = "<group>";
		};
		95616C9D2B6B644000E06187 /* UIView */ = {
			isa = PBXGroup;
			children = (
				95616C9E2B6B646200E06187 /* NiblessView.swift */,
			);
			path = UIView;
			sourceTree = "<group>";
		};
		95616CA22B6B64A000E06187 /* UIViewController */ = {
			isa = PBXGroup;
			children = (
				95616CA02B6B649400E06187 /* NiblessViewController.swift */,
			);
			path = UIViewController;
			sourceTree = "<group>";
		};
		95616CA32B6B68B800E06187 /* Module */ = {
			isa = PBXGroup;
			children = (
				95616CA42B6B68C300E06187 /* Tabbar */,
			);
			path = Module;
			sourceTree = "<group>";
		};
		95616CA42B6B68C300E06187 /* Tabbar */ = {
			isa = PBXGroup;
			children = (
				95616CA72B6B6A4D00E06187 /* LGTabbarVC.swift */,
				95616CAC2B6B7A4B00E06187 /* TabbarContentView.swift */,
			);
			path = Tabbar;
			sourceTree = "<group>";
		};
		95616CA92B6B74E800E06187 /* Extension */ = {
			isa = PBXGroup;
			children = (
				95616CAA2B6B74F700E06187 /* UIColor+Extension.swift */,
				95616CB52B6B7D9000E06187 /* String+Extension.swift */,
			);
			path = Extension;
			sourceTree = "<group>";
		};
		E49C8D840EDFD82A6EFFD070 /* Pods */ = {
			isa = PBXGroup;
			children = (
				0588762C39ADEDC547C95EFC /* Pods-Lightning.debug.xcconfig */,
				39155D71670A0D6FFD5F1A67 /* Pods-Lightning.release.xcconfig */,
			);
			path = Pods;
			sourceTree = "<group>";
		};
/* End PBXGroup section */

/* Begin PBXNativeTarget section */
		95204E632B6B5D19006252EC /* Lightning */ = {
			isa = PBXNativeTarget;
			buildConfigurationList = 95204E782B6B5D1B006252EC /* Build configuration list for PBXNativeTarget "Lightning" */;
			buildPhases = (
				AE4A2C87A2E2332A21E9F021 /* [CP] Check Pods Manifest.lock */,
				95204E602B6B5D19006252EC /* Sources */,
				95204E612B6B5D19006252EC /* Frameworks */,
				95204E622B6B5D19006252EC /* Resources */,
				81A31818711169A164EF98FC /* [CP] Embed Pods Frameworks */,
			);
			buildRules = (
			);
			dependencies = (
			);
			name = Lightning;
			productName = Lightning;
			productReference = 95204E642B6B5D19006252EC /* Lightning.app */;
			productType = "com.apple.product-type.application";
		};
/* End PBXNativeTarget section */

/* Begin PBXProject section */
		95204E5C2B6B5D19006252EC /* Project object */ = {
			isa = PBXProject;
			attributes = {
				BuildIndependentTargetsInParallel = 1;
				LastSwiftUpdateCheck = 1520;
				LastUpgradeCheck = 1520;
				TargetAttributes = {
					95204E632B6B5D19006252EC = {
						CreatedOnToolsVersion = 15.2;
					};
				};
			};
			buildConfigurationList = 95204E5F2B6B5D19006252EC /* Build configuration list for PBXProject "Lightning" */;
			compatibilityVersion = "Xcode 14.0";
			developmentRegion = en;
			hasScannedForEncodings = 0;
			knownRegions = (
				en,
				Base,
				"zh-Hans",
			);
			mainGroup = 95204E5B2B6B5D19006252EC;
			productRefGroup = 95204E652B6B5D19006252EC /* Products */;
			projectDirPath = "";
			projectRoot = "";
			targets = (
				95204E632B6B5D19006252EC /* Lightning */,
			);
		};
/* End PBXProject section */

/* Begin PBXResourcesBuildPhase section */
		95204E622B6B5D19006252EC /* Resources */ = {
			isa = PBXResourcesBuildPhase;
			buildActionMask = 2147483647;
			files = (
				95204E742B6B5D1B006252EC /* LaunchScreen.storyboard in Resources */,
				95616CB12B6B7C7900E06187 /* Localizable.strings in Resources */,
				95204E712B6B5D1B006252EC /* Assets.xcassets in Resources */,
			);
			runOnlyForDeploymentPostprocessing = 0;
		};
/* End PBXResourcesBuildPhase section */

/* Begin PBXShellScriptBuildPhase section */
		81A31818711169A164EF98FC /* [CP] Embed Pods Frameworks */ = {
			isa = PBXShellScriptBuildPhase;
			buildActionMask = 2147483647;
			files = (
			);
			inputFileListPaths = (
				"${PODS_ROOT}/Target Support Files/Pods-Lightning/Pods-Lightning-frameworks-${CONFIGURATION}-input-files.xcfilelist",
			);
			name = "[CP] Embed Pods Frameworks";
			outputFileListPaths = (
				"${PODS_ROOT}/Target Support Files/Pods-Lightning/Pods-Lightning-frameworks-${CONFIGURATION}-output-files.xcfilelist",
			);
			runOnlyForDeploymentPostprocessing = 0;
			shellPath = /bin/sh;
			shellScript = "\"${PODS_ROOT}/Target Support Files/Pods-Lightning/Pods-Lightning-frameworks.sh\"\n";
			showEnvVarsInLog = 0;
		};
		AE4A2C87A2E2332A21E9F021 /* [CP] Check Pods Manifest.lock */ = {
			isa = PBXShellScriptBuildPhase;
			buildActionMask = 2147483647;
			files = (
			);
			inputFileListPaths = (
			);
			inputPaths = (
				"${PODS_PODFILE_DIR_PATH}/Podfile.lock",
				"${PODS_ROOT}/Manifest.lock",
			);
			name = "[CP] Check Pods Manifest.lock";
			outputFileListPaths = (
			);
			outputPaths = (
				"$(DERIVED_FILE_DIR)/Pods-Lightning-checkManifestLockResult.txt",
			);
			runOnlyForDeploymentPostprocessing = 0;
			shellPath = /bin/sh;
			shellScript = "diff \"${PODS_PODFILE_DIR_PATH}/Podfile.lock\" \"${PODS_ROOT}/Manifest.lock\" > /dev/null\nif [ $? != 0 ] ; then\n    # print error to STDERR\n    echo \"error: The sandbox is not in sync with the Podfile.lock. Run 'pod install' or update your CocoaPods installation.\" >&2\n    exit 1\nfi\n# This output is used by Xcode 'outputs' to avoid re-running this script phase.\necho \"SUCCESS\" > \"${SCRIPT_OUTPUT_FILE_0}\"\n";
			showEnvVarsInLog = 0;
		};
/* End PBXShellScriptBuildPhase section */

/* Begin PBXSourcesBuildPhase section */
		95204E602B6B5D19006252EC /* Sources */ = {
			isa = PBXSourcesBuildPhase;
			buildActionMask = 2147483647;
			files = (
				95616CAB2B6B74F700E06187 /* UIColor+Extension.swift in Sources */,
				95616CB62B6B7D9000E06187 /* String+Extension.swift in Sources */,
				95204E6C2B6B5D19006252EC /* RootViewController.swift in Sources */,
				95616CA12B6B649400E06187 /* NiblessViewController.swift in Sources */,
				95616CA82B6B6A4D00E06187 /* LGTabbarVC.swift in Sources */,
				95616CAD2B6B7A4B00E06187 /* TabbarContentView.swift in Sources */,
				95204E682B6B5D19006252EC /* AppDelegate.swift in Sources */,
				95616C9F2B6B646200E06187 /* NiblessView.swift in Sources */,
				95616C9C2B6B614E00E06187 /* LGNavController.swift in Sources */,
			);
			runOnlyForDeploymentPostprocessing = 0;
		};
/* End PBXSourcesBuildPhase section */

/* Begin PBXVariantGroup section */
		95204E722B6B5D1B006252EC /* LaunchScreen.storyboard */ = {
			isa = PBXVariantGroup;
			children = (
				95204E732B6B5D1B006252EC /* Base */,
				95616CAE2B6B7C5700E06187 /* zh-Hans */,
			);
			name = LaunchScreen.storyboard;
			sourceTree = "<group>";
		};
		95616CB32B6B7C7900E06187 /* Localizable.strings */ = {
			isa = PBXVariantGroup;
			children = (
				95616CB22B6B7C7900E06187 /* en */,
				95616CB42B6B7C7B00E06187 /* zh-Hans */,
			);
			name = Localizable.strings;
			sourceTree = "<group>";
		};
/* End PBXVariantGroup section */

/* Begin XCBuildConfiguration section */
		95204E762B6B5D1B006252EC /* Debug */ = {
			isa = XCBuildConfiguration;
			buildSettings = {
				ALWAYS_SEARCH_USER_PATHS = NO;
				ASSETCATALOG_COMPILER_GENERATE_SWIFT_ASSET_SYMBOL_EXTENSIONS = YES;
				CLANG_ANALYZER_LOCALIZABILITY_NONLOCALIZED = YES;
				CLANG_ANALYZER_NONNULL = YES;
				CLANG_ANALYZER_NUMBER_OBJECT_CONVERSION = YES_AGGRESSIVE;
				CLANG_CXX_LANGUAGE_STANDARD = "gnu++20";
				CLANG_ENABLE_MODULES = YES;
				CLANG_ENABLE_OBJC_ARC = YES;
				CLANG_ENABLE_OBJC_WEAK = YES;
				CLANG_WARN_BLOCK_CAPTURE_AUTORELEASING = YES;
				CLANG_WARN_BOOL_CONVERSION = YES;
				CLANG_WARN_COMMA = YES;
				CLANG_WARN_CONSTANT_CONVERSION = YES;
				CLANG_WARN_DEPRECATED_OBJC_IMPLEMENTATIONS = YES;
				CLANG_WARN_DIRECT_OBJC_ISA_USAGE = YES_ERROR;
				CLANG_WARN_DOCUMENTATION_COMMENTS = YES;
				CLANG_WARN_EMPTY_BODY = YES;
				CLANG_WARN_ENUM_CONVERSION = YES;
				CLANG_WARN_INFINITE_RECURSION = YES;
				CLANG_WARN_INT_CONVERSION = YES;
				CLANG_WARN_NON_LITERAL_NULL_CONVERSION = YES;
				CLANG_WARN_OBJC_IMPLICIT_RETAIN_SELF = YES;
				CLANG_WARN_OBJC_LITERAL_CONVERSION = YES;
				CLANG_WARN_OBJC_ROOT_CLASS = YES_ERROR;
				CLANG_WARN_QUOTED_INCLUDE_IN_FRAMEWORK_HEADER = YES;
				CLANG_WARN_RANGE_LOOP_ANALYSIS = YES;
				CLANG_WARN_STRICT_PROTOTYPES = YES;
				CLANG_WARN_SUSPICIOUS_MOVE = YES;
				CLANG_WARN_UNGUARDED_AVAILABILITY = YES_AGGRESSIVE;
				CLANG_WARN_UNREACHABLE_CODE = YES;
				CLANG_WARN__DUPLICATE_METHOD_MATCH = YES;
				COPY_PHASE_STRIP = NO;
				DEBUG_INFORMATION_FORMAT = dwarf;
				ENABLE_STRICT_OBJC_MSGSEND = YES;
				ENABLE_TESTABILITY = YES;
				ENABLE_USER_SCRIPT_SANDBOXING = NO;
				GCC_C_LANGUAGE_STANDARD = gnu17;
				GCC_DYNAMIC_NO_PIC = NO;
				GCC_NO_COMMON_BLOCKS = YES;
				GCC_OPTIMIZATION_LEVEL = 0;
				GCC_PREPROCESSOR_DEFINITIONS = (
					"DEBUG=1",
					"$(inherited)",
				);
				GCC_WARN_64_TO_32_BIT_CONVERSION = YES;
				GCC_WARN_ABOUT_RETURN_TYPE = YES_ERROR;
				GCC_WARN_UNDECLARED_SELECTOR = YES;
				GCC_WARN_UNINITIALIZED_AUTOS = YES_AGGRESSIVE;
				GCC_WARN_UNUSED_FUNCTION = YES;
				GCC_WARN_UNUSED_VARIABLE = YES;
				IPHONEOS_DEPLOYMENT_TARGET = 17.2;
				LOCALIZATION_PREFERS_STRING_CATALOGS = YES;
				MTL_ENABLE_DEBUG_INFO = INCLUDE_SOURCE;
				MTL_FAST_MATH = YES;
				ONLY_ACTIVE_ARCH = YES;
				SDKROOT = iphoneos;
				SWIFT_ACTIVE_COMPILATION_CONDITIONS = "DEBUG $(inherited)";
				SWIFT_OPTIMIZATION_LEVEL = "-Onone";
			};
			name = Debug;
		};
		95204E772B6B5D1B006252EC /* Release */ = {
			isa = XCBuildConfiguration;
			buildSettings = {
				ALWAYS_SEARCH_USER_PATHS = NO;
				ASSETCATALOG_COMPILER_GENERATE_SWIFT_ASSET_SYMBOL_EXTENSIONS = YES;
				CLANG_ANALYZER_LOCALIZABILITY_NONLOCALIZED = YES;
				CLANG_ANALYZER_NONNULL = YES;
				CLANG_ANALYZER_NUMBER_OBJECT_CONVERSION = YES_AGGRESSIVE;
				CLANG_CXX_LANGUAGE_STANDARD = "gnu++20";
				CLANG_ENABLE_MODULES = YES;
				CLANG_ENABLE_OBJC_ARC = YES;
				CLANG_ENABLE_OBJC_WEAK = YES;
				CLANG_WARN_BLOCK_CAPTURE_AUTORELEASING = YES;
				CLANG_WARN_BOOL_CONVERSION = YES;
				CLANG_WARN_COMMA = YES;
				CLANG_WARN_CONSTANT_CONVERSION = YES;
				CLANG_WARN_DEPRECATED_OBJC_IMPLEMENTATIONS = YES;
				CLANG_WARN_DIRECT_OBJC_ISA_USAGE = YES_ERROR;
				CLANG_WARN_DOCUMENTATION_COMMENTS = YES;
				CLANG_WARN_EMPTY_BODY = YES;
				CLANG_WARN_ENUM_CONVERSION = YES;
				CLANG_WARN_INFINITE_RECURSION = YES;
				CLANG_WARN_INT_CONVERSION = YES;
				CLANG_WARN_NON_LITERAL_NULL_CONVERSION = YES;
				CLANG_WARN_OBJC_IMPLICIT_RETAIN_SELF = YES;
				CLANG_WARN_OBJC_LITERAL_CONVERSION = YES;
				CLANG_WARN_OBJC_ROOT_CLASS = YES_ERROR;
				CLANG_WARN_QUOTED_INCLUDE_IN_FRAMEWORK_HEADER = YES;
				CLANG_WARN_RANGE_LOOP_ANALYSIS = YES;
				CLANG_WARN_STRICT_PROTOTYPES = YES;
				CLANG_WARN_SUSPICIOUS_MOVE = YES;
				CLANG_WARN_UNGUARDED_AVAILABILITY = YES_AGGRESSIVE;
				CLANG_WARN_UNREACHABLE_CODE = YES;
				CLANG_WARN__DUPLICATE_METHOD_MATCH = YES;
				COPY_PHASE_STRIP = NO;
				DEBUG_INFORMATION_FORMAT = "dwarf-with-dsym";
				ENABLE_NS_ASSERTIONS = NO;
				ENABLE_STRICT_OBJC_MSGSEND = YES;
				ENABLE_USER_SCRIPT_SANDBOXING = NO;
				GCC_C_LANGUAGE_STANDARD = gnu17;
				GCC_NO_COMMON_BLOCKS = YES;
				GCC_WARN_64_TO_32_BIT_CONVERSION = YES;
				GCC_WARN_ABOUT_RETURN_TYPE = YES_ERROR;
				GCC_WARN_UNDECLARED_SELECTOR = YES;
				GCC_WARN_UNINITIALIZED_AUTOS = YES_AGGRESSIVE;
				GCC_WARN_UNUSED_FUNCTION = YES;
				GCC_WARN_UNUSED_VARIABLE = YES;
				IPHONEOS_DEPLOYMENT_TARGET = 17.2;
				LOCALIZATION_PREFERS_STRING_CATALOGS = YES;
				MTL_ENABLE_DEBUG_INFO = NO;
				MTL_FAST_MATH = YES;
				SDKROOT = iphoneos;
				SWIFT_COMPILATION_MODE = wholemodule;
				VALIDATE_PRODUCT = YES;
			};
			name = Release;
		};
		95204E792B6B5D1B006252EC /* Debug */ = {
			isa = XCBuildConfiguration;
			baseConfigurationReference = 0588762C39ADEDC547C95EFC /* Pods-Lightning.debug.xcconfig */;
			buildSettings = {
				ASSETCATALOG_COMPILER_APPICON_NAME = AppIcon;
				ASSETCATALOG_COMPILER_GLOBAL_ACCENT_COLOR_NAME = AccentColor;
				CODE_SIGN_STYLE = Automatic;
				CURRENT_PROJECT_VERSION = 1;
				GENERATE_INFOPLIST_FILE = YES;
				INFOPLIST_FILE = Lightning/Info.plist;
				INFOPLIST_KEY_UIApplicationSupportsIndirectInputEvents = YES;
				INFOPLIST_KEY_UILaunchStoryboardName = LaunchScreen;
				INFOPLIST_KEY_UISupportedInterfaceOrientations = UIInterfaceOrientationPortrait;
				INFOPLIST_KEY_UISupportedInterfaceOrientations_iPad = "UIInterfaceOrientationLandscapeLeft UIInterfaceOrientationLandscapeRight UIInterfaceOrientationPortrait UIInterfaceOrientationPortraitUpsideDown";
				LD_RUNPATH_SEARCH_PATHS = (
					"$(inherited)",
					"@executable_path/Frameworks",
				);
				MARKETING_VERSION = 1.0;
				PRODUCT_BUNDLE_IDENTIFIER = com.shanlian.pro;
				PRODUCT_NAME = "$(TARGET_NAME)";
				SUPPORTED_PLATFORMS = "iphoneos iphonesimulator";
				SUPPORTS_MACCATALYST = NO;
				SUPPORTS_MAC_DESIGNED_FOR_IPHONE_IPAD = NO;
				SUPPORTS_XR_DESIGNED_FOR_IPHONE_IPAD = NO;
				SWIFT_EMIT_LOC_STRINGS = YES;
				SWIFT_VERSION = 5.0;
				TARGETED_DEVICE_FAMILY = 1;
			};
			name = Debug;
		};
		95204E7A2B6B5D1B006252EC /* Release */ = {
			isa = XCBuildConfiguration;
			baseConfigurationReference = 39155D71670A0D6FFD5F1A67 /* Pods-Lightning.release.xcconfig */;
			buildSettings = {
				ASSETCATALOG_COMPILER_APPICON_NAME = AppIcon;
				ASSETCATALOG_COMPILER_GLOBAL_ACCENT_COLOR_NAME = AccentColor;
				CODE_SIGN_STYLE = Automatic;
				CURRENT_PROJECT_VERSION = 1;
				GENERATE_INFOPLIST_FILE = YES;
				INFOPLIST_FILE = Lightning/Info.plist;
				INFOPLIST_KEY_UIApplicationSupportsIndirectInputEvents = YES;
				INFOPLIST_KEY_UILaunchStoryboardName = LaunchScreen;
				INFOPLIST_KEY_UISupportedInterfaceOrientations = UIInterfaceOrientationPortrait;
				INFOPLIST_KEY_UISupportedInterfaceOrientations_iPad = "UIInterfaceOrientationLandscapeLeft UIInterfaceOrientationLandscapeRight UIInterfaceOrientationPortrait UIInterfaceOrientationPortraitUpsideDown";
				LD_RUNPATH_SEARCH_PATHS = (
					"$(inherited)",
					"@executable_path/Frameworks",
				);
				MARKETING_VERSION = 1.0;
				PRODUCT_BUNDLE_IDENTIFIER = com.shanlian.pro;
				PRODUCT_NAME = "$(TARGET_NAME)";
				SUPPORTED_PLATFORMS = "iphoneos iphonesimulator";
				SUPPORTS_MACCATALYST = NO;
				SUPPORTS_MAC_DESIGNED_FOR_IPHONE_IPAD = NO;
				SUPPORTS_XR_DESIGNED_FOR_IPHONE_IPAD = NO;
				SWIFT_EMIT_LOC_STRINGS = YES;
				SWIFT_VERSION = 5.0;
				TARGETED_DEVICE_FAMILY = 1;
			};
			name = Release;
		};
/* End XCBuildConfiguration section */

/* Begin XCConfigurationList section */
		95204E5F2B6B5D19006252EC /* Build configuration list for PBXProject "Lightning" */ = {
			isa = XCConfigurationList;
			buildConfigurations = (
				95204E762B6B5D1B006252EC /* Debug */,
				95204E772B6B5D1B006252EC /* Release */,
			);
			defaultConfigurationIsVisible = 0;
			defaultConfigurationName = Release;
		};
		95204E782B6B5D1B006252EC /* Build configuration list for PBXNativeTarget "Lightning" */ = {
			isa = XCConfigurationList;
			buildConfigurations = (
				95204E792B6B5D1B006252EC /* Debug */,
				95204E7A2B6B5D1B006252EC /* Release */,
			);
			defaultConfigurationIsVisible = 0;
			defaultConfigurationName = Release;
		};
/* End XCConfigurationList section */
	};
	rootObject = 95204E5C2B6B5D19006252EC /* Project object */;
}
